
Microsoft Visual Studio Solution File, Format Version 12.00
# Visual Studio Version 17
VisualStudioVersion = 17.4.33213.308
MinimumVisualStudioVersion = 10.0.40219.1
Project("{FAE04EC0-301F-11D3-BF4B-00C04F79EFBC}") = "WebAppExerciseDay1", "WebAppExerciseDay1\WebAppExerciseDay1.csproj", "{3BDBDB38-34CF-497A-B8A9-0C9D9837A30C}"
EndProject
Global
	GlobalSection(SolutionConfigurationPlatforms) = preSolution
		Debug|Any CPU = Debug|Any CPU
		Release|Any CPU = Release|Any CPU
	EndGlobalSection
	GlobalSection(ProjectConfigurationPlatforms) = postSolution
		{3BDBDB38-34CF-497A-B8A9-0C9D9837A30C}.Debug|Any CPU.ActiveCfg = Debug|Any CPU
		{3BDBDB38-34CF-497A-B8A9-0C9D9837A30C}.Debug|Any CPU.Build.0 = Debug|Any CPU
		{3BDBDB38-34CF-497A-B8A9-0C9D9837A30C}.Release|Any CPU.ActiveCfg = Release|Any CPU
		{3BDBDB38-34CF-497A-B8A9-0C9D9837A30C}.Release|Any CPU.Build.0 = Release|Any CPU
	EndGlobalSection
	GlobalSection(SolutionProperties) = preSolution
		HideSolutionNode = FALSE
	EndGlobalSection
	GlobalSection(ExtensibilityGlobals) = postSolution
		SolutionGuid = {FAE5A971-038F-4256-A453-A5C78CCC0682}
	EndGlobalSection
EndGlobal
